github.com/goinsane/xlog v0.6.1 h1:xmKaZuirlgmkJUJVjUaPl8E9gSetqR9IGgqJ215nWEg=
github.com/goinsane/xlog v0.6.1/go.mod h1:LXGz2XS2nzNGvHbFAAPrPDELBXCeQyo2vb60ostxKyU=
github.com/jehiah/go-strftime v0.0.0-20171201141054-1d33003b3869 h1:IPJ3dvxmJ4uczJe5YQdrYB16oTJlGSC/OyZDqUk9xX4=
github.com/jehiah/go-strftime v0.0.0-20171201141054-1d33003b3869/go.mod h1:cJ6Cj7dQo+O6GJNiMx+Pa94qKj+TG8ONdKHgMNIyyag=
github.com/rwcarlsen/goexif v0.0.0-20190401172101-9e8deecbddbd h1:CmH9+J6ZSsIjUK3dcGsnCnO41eRBOnY12zwkn5qVwgc=
github.com/rwcarlsen/goexif v0.0.0-20190401172101-9e8deecbddbd/go.mod h1:hPqNNc0+uJM6H+SuU8sEs5K5IQeKccPqeSjfgcKGgPk=
gopkg.in/Graylog2/go-gelf.v2 v2.0.0-20191017102106-1550ee647df0/go.mod h1:CeDeqW4tj9FrgZXF/dQCWZrBdcZWWBenhJtxLH4On2g=
